
Microsoft Visual Studio Solution File, Format Version 12.00
# Visual Studio Version 16
VisualStudioVersion = 16.0.31025.194
MinimumVisualStudioVersion = 10.0.40219.1
Project("{FAE04EC0-301F-11D3-BF4B-00C04F79EFBC}") = "ChessGame", "ChessGame\ChessGame.csproj", "{9A316F82-4014-4537-AFB3-021724790A06}"
EndProject
Global
	GlobalSection(SolutionConfigurationPlatforms) = preSolution
		Debug|Any CPU = Debug|Any CPU
		Release|Any CPU = Release|Any CPU
	EndGlobalSection
	GlobalSection(ProjectConfigurationPlatforms) = postSolution
		{9A316F82-4014-4537-AFB3-021724790A06}.Debug|Any CPU.ActiveCfg = Debug|Any CPU
		{9A316F82-4014-4537-AFB3-021724790A06}.Debug|Any CPU.Build.0 = Debug|Any CPU
		{9A316F82-4014-4537-AFB3-021724790A06}.Release|Any CPU.ActiveCfg = Release|Any CPU
		{9A316F82-4014-4537-AFB3-021724790A06}.Release|Any CPU.Build.0 = Release|Any CPU
	EndGlobalSection
	GlobalSection(SolutionProperties) = preSolution
		HideSolutionNode = FALSE
	EndGlobalSection
	GlobalSection(ExtensibilityGlobals) = postSolution
		SolutionGuid = {53B1C478-7C3A-42DD-9E89-1D7218CC3F1F}
	EndGlobalSection
EndGlobal
